{
  "requires": true,
  "lockfileVersion": 1,
  "dependencies": {
    "@remix-run/router": {
      "version": "1.0.3",
      "resolved": "https://registry.npmjs.org/@remix-run/router/-/router-1.0.3.tgz",
      "integrity": "sha512-ceuyTSs7PZ/tQqi19YZNBc5X7kj1f8p+4DIyrcIYFY9h+hd1OKm4RqtiWldR9eGEvIiJfsqwM4BsuCtRIuEw6Q=="
    },
    "@types/history": {
      "version": "4.7.11",
      "resolved": "https://registry.npmjs.org/@types/history/-/history-4.7.11.tgz",
      "integrity": "sha512-qjDJRrmvBMiTx+jyLxvLfJU7UznFuokDv4f3WRuriHKERccVpFU+8XMQUAbDzoiJCsmexxRExQeMwwCdamSKDA=="
    },
    "@types/prop-types": {
      "version": "15.7.5",
      "resolved": "https://registry.npmjs.org/@types/prop-types/-/prop-types-15.7.5.tgz",
      "integrity": "sha512-JCB8C6SnDoQf0cNycqd/35A7MjcnK+ZTqE7judS6o7utxUCg6imJg3QK2qzHKszlTjcj2cn+NwMB2i96ubpj7w=="
    },
    "@types/react": {
      "version": "18.0.25",
      "resolved": "https://registry.npmjs.org/@types/react/-/react-18.0.25.tgz",
      "integrity": "sha512-xD6c0KDT4m7n9uD4ZHi02lzskaiqcBxf4zi+tXZY98a04wvc0hi/TcCPC2FOESZi51Nd7tlUeOJY8RofL799/g==",
      "requires": {
        "@types/prop-types": "*",
        "@types/scheduler": "*",
        "csstype": "^3.0.2"
      }
    },
    "@types/react-router": {
      "version": "5.1.19",
      "resolved": "https://registry.npmjs.org/@types/react-router/-/react-router-5.1.19.tgz",
      "integrity": "sha512-Fv/5kb2STAEMT3wHzdKQK2z8xKq38EDIGVrutYLmQVVLe+4orDFquU52hQrULnEHinMKv9FSA6lf9+uNT1ITtA==",
      "requires": {
        "@types/history": "^4.7.11",
        "@types/react": "*"
      }
    },
    "@types/react-router-dom": {
      "version": "5.3.3",
      "resolved": "https://registry.npmjs.org/@types/react-router-dom/-/react-router-dom-5.3.3.tgz",
      "integrity": "sha512-kpqnYK4wcdm5UaWI3fLcELopqLrHgLqNsdpHauzlQktfkHL3npOSwtj1Uz9oKBAzs7lFtVkV8j83voAz2D8fhw==",
      "requires": {
        "@types/history": "^4.7.11",
        "@types/react": "*",
        "@types/react-router": "*"
      }
    },
    "@types/scheduler": {
      "version": "0.16.2",
      "resolved": "https://registry.npmjs.org/@types/scheduler/-/scheduler-0.16.2.tgz",
      "integrity": "sha512-hppQEBDmlwhFAXKJX2KnWLYu5yMfi91yazPb2l+lbJiwW+wdo1gNeRA+3RgNSO39WYX2euey41KEwnqesU2Jew=="
    },
    "csstype": {
      "version": "3.1.1",
      "resolved": "https://registry.npmjs.org/csstype/-/csstype-3.1.1.tgz",
      "integrity": "sha512-DJR/VvkAvSZW9bTouZue2sSxDwdTN92uHjqeKVm+0dAqdfNykRzQ95tay8aXMBAAPpUiq4Qcug2L7neoRh2Egw=="
    },
    "react-router": {
      "version": "6.4.3",
      "resolved": "https://registry.npmjs.org/react-router/-/react-router-6.4.3.tgz",
      "integrity": "sha512-BT6DoGn6aV1FVP5yfODMOiieakp3z46P1Fk0RNzJMACzE7C339sFuHebfvWtnB4pzBvXXkHP2vscJzWRuUjTtA==",
      "requires": {
        "@remix-run/router": "1.0.3"
      }
    },
    "react-router-dom": {
      "version": "6.4.3",
      "resolved": "https://registry.npmjs.org/react-router-dom/-/react-router-dom-6.4.3.tgz",
      "integrity": "sha512-MiaYQU8CwVCaOfJdYvt84KQNjT78VF0TJrA17SIQgNHRvLnXDJO6qsFqq8F/zzB1BWZjCFIrQpu4QxcshitziQ==",
      "requires": {
        "@remix-run/router": "1.0.3",
        "react-router": "6.4.3"
      }
    }
  }
}
